
Microsoft Visual Studio Solution File, Format Version 12.00
# Visual Studio Version 17
VisualStudioVersion = 17.4.33103.184
MinimumVisualStudioVersion = 10.0.40219.1
Project("{FAE04EC0-301F-11D3-BF4B-00C04F79EFBC}") = "BookScraper", "BookScraper\BookScraper.csproj", "{196F0384-91E4-4414-851D-4263ECC84794}"
EndProject
Global
	GlobalSection(SolutionConfigurationPlatforms) = preSolution
		Debug|Any CPU = Debug|Any CPU
		Release|Any CPU = Release|Any CPU
	EndGlobalSection
	GlobalSection(ProjectConfigurationPlatforms) = postSolution
		{196F0384-91E4-4414-851D-4263ECC84794}.Debug|Any CPU.ActiveCfg = Debug|Any CPU
		{196F0384-91E4-4414-851D-4263ECC84794}.Debug|Any CPU.Build.0 = Debug|Any CPU
		{196F0384-91E4-4414-851D-4263ECC84794}.Release|Any CPU.ActiveCfg = Release|Any CPU
		{196F0384-91E4-4414-851D-4263ECC84794}.Release|Any CPU.Build.0 = Release|Any CPU
	EndGlobalSection
	GlobalSection(SolutionProperties) = preSolution
		HideSolutionNode = FALSE
	EndGlobalSection
	GlobalSection(ExtensibilityGlobals) = postSolution
		SolutionGuid = {313CD1A5-E8EF-4DE9-B9C4-1DAA797F0D9F}
	EndGlobalSection
EndGlobal
